// !$*UTF8*$!
{
	archiveVersion = 1;
	classes = {
	};
	objectVersion = 46;
	objects = {

/* Begin PBXBuildFile section */
		9A13AACC1B802FE300E5BAB2 /* AppDelegate.m in Sources */ = {isa = PBXBuildFile; fileRef = 9A13AACB1B802FE300E5BAB2 /* AppDelegate.m */; };
		9A13AACE1B802FE300E5BAB2 /* main.m in Sources */ = {isa = PBXBuildFile; fileRef = 9A13AACD1B802FE300E5BAB2 /* main.m */; };
		9A13AAD01B802FE300E5BAB2 /* Images.xcassets in Resources */ = {isa = PBXBuildFile; fileRef = 9A13AACF1B802FE300E5BAB2 /* Images.xcassets */; };
		9A13AAD31B802FE300E5BAB2 /* MainMenu.xib in Resources */ = {isa = PBXBuildFile; fileRef = 9A13AAD11B802FE300E5BAB2 /* MainMenu.xib */; };
		9A13AADF1B802FE300E5BAB2 /* MACTestTests.m in Sources */ = {isa = PBXBuildFile; fileRef = 9A13AADE1B802FE300E5BAB2 /* MACTestTests.m */; };
		9A13AAF01B8030CF00E5BAB2 /* TestViewController.m in Sources */ = {isa = PBXBuildFile; fileRef = 9A13AAEE1B8030CF00E5BAB2 /* TestViewController.m */; };
		9A13AAF11B8030CF00E5BAB2 /* TestViewController.xib in Resources */ = {isa = PBXBuildFile; fileRef = 9A13AAEF1B8030CF00E5BAB2 /* TestViewController.xib */; };
/* End PBXBuildFile section */

/* Begin PBXContainerItemProxy section */
		9A13AAD91B802FE300E5BAB2 /* PBXContainerItemProxy */ = {
			isa = PBXContainerItemProxy;
			containerPortal = 9A13AABD1B802FE300E5BAB2 /* Project object */;
			proxyType = 1;
			remoteGlobalIDString = 9A13AAC41B802FE300E5BAB2;
			remoteInfo = MACTest;
		};
/* End PBXContainerItemProxy section */

/* Begin PBXFileReference section */
		9A13AAC51B802FE300E5BAB2 /* MACTest.app */ = {isa = PBXFileReference; explicitFileType = wrapper.application; includeInIndex = 0; path = MACTest.app; sourceTree = BUILT_PRODUCTS_DIR; };
		9A13AAC91B802FE300E5BAB2 /* Info.plist */ = {isa = PBXFileReference; lastKnownFileType = text.plist.xml; path = Info.plist; sourceTree = "<group>"; };
		9A13AACA1B802FE300E5BAB2 /* AppDelegate.h */ = {isa = PBXFileReference; lastKnownFileType = sourcecode.c.h; path = AppDelegate.h; sourceTree = "<group>"; };
		9A13AACB1B802FE300E5BAB2 /* AppDelegate.m */ = {isa = PBXFileReference; lastKnownFileType = sourcecode.c.objc; path = AppDelegate.m; sourceTree = "<group>"; };
		9A13AACD1B802FE300E5BAB2 /* main.m */ = {isa = PBXFileReference; lastKnownFileType = sourcecode.c.objc; path = main.m; sourceTree = "<group>"; };
		9A13AACF1B802FE300E5BAB2 /* Images.xcassets */ = {isa = PBXFileReference; lastKnownFileType = folder.assetcatalog; path = Images.xcassets; sourceTree = "<group>"; };
		9A13AAD21B802FE300E5BAB2 /* Base */ = {isa = PBXFileReference; lastKnownFileType = file.xib; name = Base; path = Base.lproj/MainMenu.xib; sourceTree = "<group>"; };
		9A13AAD81B802FE300E5BAB2 /* MACTestTests.xctest */ = {isa = PBXFileReference; explicitFileType = wrapper.cfbundle; includeInIndex = 0; path = MACTestTests.xctest; sourceTree = BUILT_PRODUCTS_DIR; };
		9A13AADD1B802FE300E5BAB2 /* Info.plist */ = {isa = PBXFileReference; lastKnownFileType = text.plist.xml; path = Info.plist; sourceTree = "<group>"; };
		9A13AADE1B802FE300E5BAB2 /* MACTestTests.m */ = {isa = PBXFileReference; lastKnownFileType = sourcecode.c.objc; path = MACTestTests.m; sourceTree = "<group>"; };
		9A13AAED1B8030CF00E5BAB2 /* TestViewController.h */ = {isa = PBXFileReference; fileEncoding = 4; lastKnownFileType = sourcecode.c.h; path = TestViewController.h; sourceTree = "<group>"; };
		9A13AAEE1B8030CF00E5BAB2 /* TestViewController.m */ = {isa = PBXFileReference; fileEncoding = 4; lastKnownFileType = sourcecode.c.objc; path = TestViewController.m; sourceTree = "<group>"; };
		9A13AAEF1B8030CF00E5BAB2 /* TestViewController.xib */ = {isa = PBXFileReference; fileEncoding = 4; lastKnownFileType = file.xib; path = TestViewController.xib; sourceTree = "<group>"; };
/* End PBXFileReference section */

/* Begin PBXFrameworksBuildPhase section */
		9A13AAC21B802FE300E5BAB2 /* Frameworks */ = {
			isa = PBXFrameworksBuildPhase;
			buildActionMask = 2147483647;
			files = (
			);
			runOnlyForDeploymentPostprocessing = 0;
		};
		9A13AAD51B802FE300E5BAB2 /* Frameworks */ = {
			isa = PBXFrameworksBuildPhase;
			buildActionMask = 2147483647;
			files = (
			);
			runOnlyForDeploymentPostprocessing = 0;
		};
/* End PBXFrameworksBuildPhase section */

/* Begin PBXGroup section */
		9A13AABC1B802FE300E5BAB2 = {
			isa = PBXGroup;
			children = (
				9A13AAC71B802FE300E5BAB2 /* MACTest */,
				9A13AADB1B802FE300E5BAB2 /* MACTestTests */,
				9A13AAC61B802FE300E5BAB2 /* Products */,
			);
			sourceTree = "<group>";
		};
		9A13AAC61B802FE300E5BAB2 /* Products */ = {
			isa = PBXGroup;
			children = (
				9A13AAC51B802FE300E5BAB2 /* MACTest.app */,
				9A13AAD81B802FE300E5BAB2 /* MACTestTests.xctest */,
			);
			name = Products;
			sourceTree = "<group>";
		};
		9A13AAC71B802FE300E5BAB2 /* MACTest */ = {
			isa = PBXGroup;
			children = (
				9A13AACA1B802FE300E5BAB2 /* AppDelegate.h */,
				9A13AACB1B802FE300E5BAB2 /* AppDelegate.m */,
				9A13AAED1B8030CF00E5BAB2 /* TestViewController.h */,
				9A13AAEE1B8030CF00E5BAB2 /* TestViewController.m */,
				9A13AAEF1B8030CF00E5BAB2 /* TestViewController.xib */,
				9A13AACF1B802FE300E5BAB2 /* Images.xcassets */,
				9A13AAD11B802FE300E5BAB2 /* MainMenu.xib */,
				9A13AAC81B802FE300E5BAB2 /* Supporting Files */,
			);
			path = MACTest;
			sourceTree = "<group>";
		};
		9A13AAC81B802FE300E5BAB2 /* Supporting Files */ = {
			isa = PBXGroup;
			children = (
				9A13AAC91B802FE300E5BAB2 /* Info.plist */,
				9A13AACD1B802FE300E5BAB2 /* main.m */,
			);
			name = "Supporting Files";
			sourceTree = "<group>";
		};
		9A13AADB1B802FE300E5BAB2 /* MACTestTests */ = {
			isa = PBXGroup;
			children = (
				9A13AADE1B802FE300E5BAB2 /* MACTestTests.m */,
				9A13AADC1B802FE300E5BAB2 /* Supporting Files */,
			);
			path = MACTestTests;
			sourceTree = "<group>";
		};
		9A13AADC1B802FE300E5BAB2 /* Supporting Files */ = {
			isa = PBXGroup;
			children = (
				9A13AADD1B802FE300E5BAB2 /* Info.plist */,
			);
			name = "Supporting Files";
			sourceTree = "<group>";
		};
/* End PBXGroup section */

/* Begin PBXNativeTarget section */
		9A13AAC41B802FE300E5BAB2 /* MACTest */ = {
			isa = PBXNativeTarget;
			buildConfigurationList = 9A13AAE21B802FE300E5BAB2 /* Build configuration list for PBXNativeTarget "MACTest" */;
			buildPhases = (
				9A13AAC11B802FE300E5BAB2 /* Sources */,
				9A13AAC21B802FE300E5BAB2 /* Frameworks */,
				9A13AAC31B802FE300E5BAB2 /* Resources */,
			);
			buildRules = (
			);
			dependencies = (
			);
			name = MACTest;
			productName = MACTest;
			productReference = 9A13AAC51B802FE300E5BAB2 /* MACTest.app */;
			productType = "com.apple.product-type.application";
		};
		9A13AAD71B802FE300E5BAB2 /* MACTestTests */ = {
			isa = PBXNativeTarget;
			buildConfigurationList = 9A13AAE51B802FE300E5BAB2 /* Build configuration list for PBXNativeTarget "MACTestTests" */;
			buildPhases = (
				9A13AAD41B802FE300E5BAB2 /* Sources */,
				9A13AAD51B802FE300E5BAB2 /* Frameworks */,
				9A13AAD61B802FE300E5BAB2 /* Resources */,
			);
			buildRules = (
			);
			dependencies = (
				9A13AADA1B802FE300E5BAB2 /* PBXTargetDependency */,
			);
			name = MACTestTests;
			productName = MACTestTests;
			productReference = 9A13AAD81B802FE300E5BAB2 /* MACTestTests.xctest */;
			productType = "com.apple.product-type.bundle.unit-test";
		};
/* End PBXNativeTarget section */

/* Begin PBXProject section */
		9A13AABD1B802FE300E5BAB2 /* Project object */ = {
			isa = PBXProject;
			attributes = {
				LastUpgradeCheck = 0610;
				ORGANIZATIONNAME = hugo;
				TargetAttributes = {
					9A13AAC41B802FE300E5BAB2 = {
						CreatedOnToolsVersion = 6.1;
					};
					9A13AAD71B802FE300E5BAB2 = {
						CreatedOnToolsVersion = 6.1;
						TestTargetID = 9A13AAC41B802FE300E5BAB2;
					};
				};
			};
			buildConfigurationList = 9A13AAC01B802FE300E5BAB2 /* Build configuration list for PBXProject "MACTest" */;
			compatibilityVersion = "Xcode 3.2";
			developmentRegion = English;
			hasScannedForEncodings = 0;
			knownRegions = (
				en,
				Base,
			);
			mainGroup = 9A13AABC1B802FE300E5BAB2;
			productRefGroup = 9A13AAC61B802FE300E5BAB2 /* Products */;
			projectDirPath = "";
			projectRoot = "";
			targets = (
				9A13AAC41B802FE300E5BAB2 /* MACTest */,
				9A13AAD71B802FE300E5BAB2 /* MACTestTests */,
			);
		};
/* End PBXProject section */

/* Begin PBXResourcesBuildPhase section */
		9A13AAC31B802FE300E5BAB2 /* Resources */ = {
			isa = PBXResourcesBuildPhase;
			buildActionMask = 2147483647;
			files = (
				9A13AAD01B802FE300E5BAB2 /* Images.xcassets in Resources */,
				9A13AAF11B8030CF00E5BAB2 /* TestViewController.xib in Resources */,
				9A13AAD31B802FE300E5BAB2 /* MainMenu.xib in Resources */,
			);
			runOnlyForDeploymentPostprocessing = 0;
		};
		9A13AAD61B802FE300E5BAB2 /* Resources */ = {
			isa = PBXResourcesBuildPhase;
			buildActionMask = 2147483647;
			files = (
			);
			runOnlyForDeploymentPostprocessing = 0;
		};
/* End PBXResourcesBuildPhase section */

/* Begin PBXSourcesBuildPhase section */
		9A13AAC11B802FE300E5BAB2 /* Sources */ = {
			isa = PBXSourcesBuildPhase;
			buildActionMask = 2147483647;
			files = (
				9A13AAF01B8030CF00E5BAB2 /* TestViewController.m in Sources */,
				9A13AACE1B802FE300E5BAB2 /* main.m in Sources */,
				9A13AACC1B802FE300E5BAB2 /* AppDelegate.m in Sources */,
			);
			runOnlyForDeploymentPostprocessing = 0;
		};
		9A13AAD41B802FE300E5BAB2 /* Sources */ = {
			isa = PBXSourcesBuildPhase;
			buildActionMask = 2147483647;
			files = (
				9A13AADF1B802FE300E5BAB2 /* MACTestTests.m in Sources */,
			);
			runOnlyForDeploymentPostprocessing = 0;
		};
/* End PBXSourcesBuildPhase section */

/* Begin PBXTargetDependency section */
		9A13AADA1B802FE300E5BAB2 /* PBXTargetDependency */ = {
			isa = PBXTargetDependency;
			target = 9A13AAC41B802FE300E5BAB2 /* MACTest */;
			targetProxy = 9A13AAD91B802FE300E5BAB2 /* PBXContainerItemProxy */;
		};
/* End PBXTargetDependency section */

/* Begin PBXVariantGroup section */
		9A13AAD11B802FE300E5BAB2 /* MainMenu.xib */ = {
			isa = PBXVariantGroup;
			children = (
				9A13AAD21B802FE300E5BAB2 /* Base */,
			);
			name = MainMenu.xib;
			sourceTree = "<group>";
		};
/* End PBXVariantGroup section */

/* Begin XCBuildConfiguration section */
		9A13AAE01B802FE300E5BAB2 /* Debug */ = {
			isa = XCBuildConfiguration;
			buildSettings = {
				ALWAYS_SEARCH_USER_PATHS = NO;
				CLANG_CXX_LANGUAGE_STANDARD = "gnu++0x";
				CLANG_CXX_LIBRARY = "libc++";
				CLANG_ENABLE_MODULES = YES;
				CLANG_ENABLE_OBJC_ARC = YES;
				CLANG_WARN_BOOL_CONVERSION = YES;
				CLANG_WARN_CONSTANT_CONVERSION = YES;
				CLANG_WARN_DIRECT_OBJC_ISA_USAGE = YES_ERROR;
				CLANG_WARN_EMPTY_BODY = YES;
				CLANG_WARN_ENUM_CONVERSION = YES;
				CLANG_WARN_INT_CONVERSION = YES;
				CLANG_WARN_OBJC_ROOT_CLASS = YES_ERROR;
				CLANG_WARN_UNREACHABLE_CODE = YES;
				CLANG_WARN__DUPLICATE_METHOD_MATCH = YES;
				CODE_SIGN_IDENTITY = "-";
				COPY_PHASE_STRIP = NO;
				ENABLE_STRICT_OBJC_MSGSEND = YES;
				GCC_C_LANGUAGE_STANDARD = gnu99;
				GCC_DYNAMIC_NO_PIC = NO;
				GCC_OPTIMIZATION_LEVEL = 0;
				GCC_PREPROCESSOR_DEFINITIONS = (
					"DEBUG=1",
					"$(inherited)",
				);
				GCC_SYMBOLS_PRIVATE_EXTERN = NO;
				GCC_WARN_64_TO_32_BIT_CONVERSION = YES;
				GCC_WARN_ABOUT_RETURN_TYPE = YES_ERROR;
				GCC_WARN_UNDECLARED_SELECTOR = YES;
				GCC_WARN_UNINITIALIZED_AUTOS = YES_AGGRESSIVE;
				GCC_WARN_UNUSED_FUNCTION = YES;
				GCC_WARN_UNUSED_VARIABLE = YES;
				MACOSX_DEPLOYMENT_TARGET = 10.9;
				MTL_ENABLE_DEBUG_INFO = YES;
				ONLY_ACTIVE_ARCH = YES;
				SDKROOT = macosx;
			};
			name = Debug;
		};
		9A13AAE11B802FE300E5BAB2 /* Release */ = {
			isa = XCBuildConfiguration;
			buildSettings = {
				ALWAYS_SEARCH_USER_PATHS = NO;
				CLANG_CXX_LANGUAGE_STANDARD = "gnu++0x";
				CLANG_CXX_LIBRARY = "libc++";
				CLANG_ENABLE_MODULES = YES;
				CLANG_ENABLE_OBJC_ARC = YES;
				CLANG_WARN_BOOL_CONVERSION = YES;
				CLANG_WARN_CONSTANT_CONVERSION = YES;
				CLANG_WARN_DIRECT_OBJC_ISA_USAGE = YES_ERROR;
				CLANG_WARN_EMPTY_BODY = YES;
				CLANG_WARN_ENUM_CONVERSION = YES;
				CLANG_WARN_INT_CONVERSION = YES;
				CLANG_WARN_OBJC_ROOT_CLASS = YES_ERROR;
				CLANG_WARN_UNREACHABLE_CODE = YES;
				CLANG_WARN__DUPLICATE_METHOD_MATCH = YES;
				CODE_SIGN_IDENTITY = "-";
				COPY_PHASE_STRIP = YES;
				DEBUG_INFORMATION_FORMAT = "dwarf-with-dsym";
				ENABLE_NS_ASSERTIONS = NO;
				ENABLE_STRICT_OBJC_MSGSEND = YES;
				GCC_C_LANGUAGE_STANDARD = gnu99;
				GCC_WARN_64_TO_32_BIT_CONVERSION = YES;
				GCC_WARN_ABOUT_RETURN_TYPE = YES_ERROR;
				GCC_WARN_UNDECLARED_SELECTOR = YES;
				GCC_WARN_UNINITIALIZED_AUTOS = YES_AGGRESSIVE;
				GCC_WARN_UNUSED_FUNCTION = YES;
				GCC_WARN_UNUSED_VARIABLE = YES;
				MACOSX_DEPLOYMENT_TARGET = 10.9;
				MTL_ENABLE_DEBUG_INFO = NO;
				SDKROOT = macosx;
			};
			name = Release;
		};
		9A13AAE31B802FE300E5BAB2 /* Debug */ = {
			isa = XCBuildConfiguration;
			buildSettings = {
				ASSETCATALOG_COMPILER_APPICON_NAME = AppIcon;
				COMBINE_HIDPI_IMAGES = YES;
				INFOPLIST_FILE = MACTest/Info.plist;
				LD_RUNPATH_SEARCH_PATHS = "$(inherited) @executable_path/../Frameworks";
				PRODUCT_NAME = "$(TARGET_NAME)";
			};
			name = Debug;
		};
		9A13AAE41B802FE300E5BAB2 /* Release */ = {
			isa = XCBuildConfiguration;
			buildSettings = {
				ASSETCATALOG_COMPILER_APPICON_NAME = AppIcon;
				COMBINE_HIDPI_IMAGES = YES;
				INFOPLIST_FILE = MACTest/Info.plist;
				LD_RUNPATH_SEARCH_PATHS = "$(inherited) @executable_path/../Frameworks";
				PRODUCT_NAME = "$(TARGET_NAME)";
			};
			name = Release;
		};
		9A13AAE61B802FE300E5BAB2 /* Debug */ = {
			isa = XCBuildConfiguration;
			buildSettings = {
				BUNDLE_LOADER = "$(TEST_HOST)";
				COMBINE_HIDPI_IMAGES = YES;
				FRAMEWORK_SEARCH_PATHS = (
					"$(DEVELOPER_FRAMEWORKS_DIR)",
					"$(inherited)",
				);
				GCC_PREPROCESSOR_DEFINITIONS = (
					"DEBUG=1",
					"$(inherited)",
				);
				INFOPLIST_FILE = MACTestTests/Info.plist;
				LD_RUNPATH_SEARCH_PATHS = "$(inherited) @executable_path/../Frameworks @loader_path/../Frameworks";
				PRODUCT_NAME = "$(TARGET_NAME)";
				TEST_HOST = "$(BUILT_PRODUCTS_DIR)/MACTest.app/Contents/MacOS/MACTest";
			};
			name = Debug;
		};
		9A13AAE71B802FE300E5BAB2 /* Release */ = {
			isa = XCBuildConfiguration;
			buildSettings = {
				BUNDLE_LOADER = "$(TEST_HOST)";
				COMBINE_HIDPI_IMAGES = YES;
				FRAMEWORK_SEARCH_PATHS = (
					"$(DEVELOPER_FRAMEWORKS_DIR)",
					"$(inherited)",
				);
				INFOPLIST_FILE = MACTestTests/Info.plist;
				LD_RUNPATH_SEARCH_PATHS = "$(inherited) @executable_path/../Frameworks @loader_path/../Frameworks";
				PRODUCT_NAME = "$(TARGET_NAME)";
				TEST_HOST = "$(BUILT_PRODUCTS_DIR)/MACTest.app/Contents/MacOS/MACTest";
			};
			name = Release;
		};
/* End XCBuildConfiguration section */

/* Begin XCConfigurationList section */
		9A13AAC01B802FE300E5BAB2 /* Build configuration list for PBXProject "MACTest" */ = {
			isa = XCConfigurationList;
			buildConfigurations = (
				9A13AAE01B802FE300E5BAB2 /* Debug */,
				9A13AAE11B802FE300E5BAB2 /* Release */,
			);
			defaultConfigurationIsVisible = 0;
			defaultConfigurationName = Release;
		};
		9A13AAE21B802FE300E5BAB2 /* Build configuration list for PBXNativeTarget "MACTest" */ = {
			isa = XCConfigurationList;
			buildConfigurations = (
				9A13AAE31B802FE300E5BAB2 /* Debug */,
				9A13AAE41B802FE300E5BAB2 /* Release */,
			);
			defaultConfigurationIsVisible = 0;
		};
		9A13AAE51B802FE300E5BAB2 /* Build configuration list for PBXNativeTarget "MACTestTests" */ = {
			isa = XCConfigurationList;
			buildConfigurations = (
				9A13AAE61B802FE300E5BAB2 /* Debug */,
				9A13AAE71B802FE300E5BAB2 /* Release */,
			);
			defaultConfigurationIsVisible = 0;
		};
/* End XCConfigurationList section */
	};
	rootObject = 9A13AABD1B802FE300E5BAB2 /* Project object */;
}
