// !$*UTF8*$!
{
	archiveVersion = 1;
	classes = {
	};
	objectVersion = 46;
	objects = {

/* Begin PBXBuildFile section */
		319BB01019F1544300F83A49 /* Foundation.framework in Frameworks */ = {isa = PBXBuildFile; fileRef = 319BB00F19F1544300F83A49 /* Foundation.framework */; };
		319BB01219F1544300F83A49 /* CoreGraphics.framework in Frameworks */ = {isa = PBXBuildFile; fileRef = 319BB01119F1544300F83A49 /* CoreGraphics.framework */; };
		319BB01419F1544300F83A49 /* UIKit.framework in Frameworks */ = {isa = PBXBuildFile; fileRef = 319BB01319F1544300F83A49 /* UIKit.framework */; };
		319BB01A19F1544300F83A49 /* InfoPlist.strings in Resources */ = {isa = PBXBuildFile; fileRef = 319BB01819F1544300F83A49 /* InfoPlist.strings */; };
		319BB01C19F1544300F83A49 /* main.m in Sources */ = {isa = PBXBuildFile; fileRef = 319BB01B19F1544300F83A49 /* main.m */; };
		319BB02019F1544300F83A49 /* AppDelegate.m in Sources */ = {isa = PBXBuildFile; fileRef = 319BB01F19F1544300F83A49 /* AppDelegate.m */; };
		319BB02219F1544300F83A49 /* Images.xcassets in Resources */ = {isa = PBXBuildFile; fileRef = 319BB02119F1544300F83A49 /* Images.xcassets */; };
		319BB02919F1544300F83A49 /* XCTest.framework in Frameworks */ = {isa = PBXBuildFile; fileRef = 319BB02819F1544300F83A49 /* XCTest.framework */; };
		319BB02A19F1544300F83A49 /* Foundation.framework in Frameworks */ = {isa = PBXBuildFile; fileRef = 319BB00F19F1544300F83A49 /* Foundation.framework */; };
		319BB02B19F1544300F83A49 /* UIKit.framework in Frameworks */ = {isa = PBXBuildFile; fileRef = 319BB01319F1544300F83A49 /* UIKit.framework */; };
		319BB03319F1544300F83A49 /* InfoPlist.strings in Resources */ = {isa = PBXBuildFile; fileRef = 319BB03119F1544300F83A49 /* InfoPlist.strings */; };
		319BB03519F1544300F83A49 /* UICollectionViewDemoTests.m in Sources */ = {isa = PBXBuildFile; fileRef = 319BB03419F1544300F83A49 /* UICollectionViewDemoTests.m */; };
		319BB04019F1547C00F83A49 /* MyCollectionViewCell.m in Sources */ = {isa = PBXBuildFile; fileRef = 319BB03F19F1547C00F83A49 /* MyCollectionViewCell.m */; };
		319BB04319F154F500F83A49 /* MainViewController.m in Sources */ = {isa = PBXBuildFile; fileRef = 319BB04219F154F500F83A49 /* MainViewController.m */; };
		319BB04619F1564300F83A49 /* MyCollectionViewLayout.m in Sources */ = {isa = PBXBuildFile; fileRef = 319BB04519F1564300F83A49 /* MyCollectionViewLayout.m */; };
/* End PBXBuildFile section */

/* Begin PBXContainerItemProxy section */
		319BB02C19F1544300F83A49 /* PBXContainerItemProxy */ = {
			isa = PBXContainerItemProxy;
			containerPortal = 319BB00419F1544300F83A49 /* Project object */;
			proxyType = 1;
			remoteGlobalIDString = 319BB00B19F1544300F83A49;
			remoteInfo = UICollectionViewDemo;
		};
/* End PBXContainerItemProxy section */

/* Begin PBXFileReference section */
		319BB00C19F1544300F83A49 /* UICollectionViewDemo.app */ = {isa = PBXFileReference; explicitFileType = wrapper.application; includeInIndex = 0; path = UICollectionViewDemo.app; sourceTree = BUILT_PRODUCTS_DIR; };
		319BB00F19F1544300F83A49 /* Foundation.framework */ = {isa = PBXFileReference; lastKnownFileType = wrapper.framework; name = Foundation.framework; path = System/Library/Frameworks/Foundation.framework; sourceTree = SDKROOT; };
		319BB01119F1544300F83A49 /* CoreGraphics.framework */ = {isa = PBXFileReference; lastKnownFileType = wrapper.framework; name = CoreGraphics.framework; path = System/Library/Frameworks/CoreGraphics.framework; sourceTree = SDKROOT; };
		319BB01319F1544300F83A49 /* UIKit.framework */ = {isa = PBXFileReference; lastKnownFileType = wrapper.framework; name = UIKit.framework; path = System/Library/Frameworks/UIKit.framework; sourceTree = SDKROOT; };
		319BB01719F1544300F83A49 /* UICollectionViewDemo-Info.plist */ = {isa = PBXFileReference; lastKnownFileType = text.plist.xml; path = "UICollectionViewDemo-Info.plist"; sourceTree = "<group>"; };
		319BB01919F1544300F83A49 /* en */ = {isa = PBXFileReference; lastKnownFileType = text.plist.strings; name = en; path = en.lproj/InfoPlist.strings; sourceTree = "<group>"; };
		319BB01B19F1544300F83A49 /* main.m */ = {isa = PBXFileReference; lastKnownFileType = sourcecode.c.objc; path = main.m; sourceTree = "<group>"; };
		319BB01D19F1544300F83A49 /* UICollectionViewDemo-Prefix.pch */ = {isa = PBXFileReference; lastKnownFileType = sourcecode.c.h; path = "UICollectionViewDemo-Prefix.pch"; sourceTree = "<group>"; };
		319BB01E19F1544300F83A49 /* AppDelegate.h */ = {isa = PBXFileReference; lastKnownFileType = sourcecode.c.h; path = AppDelegate.h; sourceTree = "<group>"; };
		319BB01F19F1544300F83A49 /* AppDelegate.m */ = {isa = PBXFileReference; lastKnownFileType = sourcecode.c.objc; path = AppDelegate.m; sourceTree = "<group>"; };
		319BB02119F1544300F83A49 /* Images.xcassets */ = {isa = PBXFileReference; lastKnownFileType = folder.assetcatalog; path = Images.xcassets; sourceTree = "<group>"; };
		319BB02719F1544300F83A49 /* UICollectionViewDemoTests.xctest */ = {isa = PBXFileReference; explicitFileType = wrapper.cfbundle; includeInIndex = 0; path = UICollectionViewDemoTests.xctest; sourceTree = BUILT_PRODUCTS_DIR; };
		319BB02819F1544300F83A49 /* XCTest.framework */ = {isa = PBXFileReference; lastKnownFileType = wrapper.framework; name = XCTest.framework; path = Library/Frameworks/XCTest.framework; sourceTree = DEVELOPER_DIR; };
		319BB03019F1544300F83A49 /* UICollectionViewDemoTests-Info.plist */ = {isa = PBXFileReference; lastKnownFileType = text.plist.xml; path = "UICollectionViewDemoTests-Info.plist"; sourceTree = "<group>"; };
		319BB03219F1544300F83A49 /* en */ = {isa = PBXFileReference; lastKnownFileType = text.plist.strings; name = en; path = en.lproj/InfoPlist.strings; sourceTree = "<group>"; };
		319BB03419F1544300F83A49 /* UICollectionViewDemoTests.m */ = {isa = PBXFileReference; lastKnownFileType = sourcecode.c.objc; path = UICollectionViewDemoTests.m; sourceTree = "<group>"; };
		319BB03E19F1547C00F83A49 /* MyCollectionViewCell.h */ = {isa = PBXFileReference; fileEncoding = 4; lastKnownFileType = sourcecode.c.h; path = MyCollectionViewCell.h; sourceTree = "<group>"; };
		319BB03F19F1547C00F83A49 /* MyCollectionViewCell.m */ = {isa = PBXFileReference; fileEncoding = 4; lastKnownFileType = sourcecode.c.objc; path = MyCollectionViewCell.m; sourceTree = "<group>"; };
		319BB04119F154F500F83A49 /* MainViewController.h */ = {isa = PBXFileReference; fileEncoding = 4; lastKnownFileType = sourcecode.c.h; path = MainViewController.h; sourceTree = "<group>"; };
		319BB04219F154F500F83A49 /* MainViewController.m */ = {isa = PBXFileReference; fileEncoding = 4; lastKnownFileType = sourcecode.c.objc; path = MainViewController.m; sourceTree = "<group>"; };
		319BB04419F1564300F83A49 /* MyCollectionViewLayout.h */ = {isa = PBXFileReference; fileEncoding = 4; lastKnownFileType = sourcecode.c.h; path = MyCollectionViewLayout.h; sourceTree = "<group>"; };
		319BB04519F1564300F83A49 /* MyCollectionViewLayout.m */ = {isa = PBXFileReference; fileEncoding = 4; lastKnownFileType = sourcecode.c.objc; path = MyCollectionViewLayout.m; sourceTree = "<group>"; };
/* End PBXFileReference section */

/* Begin PBXFrameworksBuildPhase section */
		319BB00919F1544300F83A49 /* Frameworks */ = {
			isa = PBXFrameworksBuildPhase;
			buildActionMask = 2147483647;
			files = (
				319BB01219F1544300F83A49 /* CoreGraphics.framework in Frameworks */,
				319BB01419F1544300F83A49 /* UIKit.framework in Frameworks */,
				319BB01019F1544300F83A49 /* Foundation.framework in Frameworks */,
			);
			runOnlyForDeploymentPostprocessing = 0;
		};
		319BB02419F1544300F83A49 /* Frameworks */ = {
			isa = PBXFrameworksBuildPhase;
			buildActionMask = 2147483647;
			files = (
				319BB02919F1544300F83A49 /* XCTest.framework in Frameworks */,
				319BB02B19F1544300F83A49 /* UIKit.framework in Frameworks */,
				319BB02A19F1544300F83A49 /* Foundation.framework in Frameworks */,
			);
			runOnlyForDeploymentPostprocessing = 0;
		};
/* End PBXFrameworksBuildPhase section */

/* Begin PBXGroup section */
		319BB00319F1544300F83A49 = {
			isa = PBXGroup;
			children = (
				319BB01519F1544300F83A49 /* UICollectionViewDemo */,
				319BB02E19F1544300F83A49 /* UICollectionViewDemoTests */,
				319BB00E19F1544300F83A49 /* Frameworks */,
				319BB00D19F1544300F83A49 /* Products */,
			);
			sourceTree = "<group>";
		};
		319BB00D19F1544300F83A49 /* Products */ = {
			isa = PBXGroup;
			children = (
				319BB00C19F1544300F83A49 /* UICollectionViewDemo.app */,
				319BB02719F1544300F83A49 /* UICollectionViewDemoTests.xctest */,
			);
			name = Products;
			sourceTree = "<group>";
		};
		319BB00E19F1544300F83A49 /* Frameworks */ = {
			isa = PBXGroup;
			children = (
				319BB00F19F1544300F83A49 /* Foundation.framework */,
				319BB01119F1544300F83A49 /* CoreGraphics.framework */,
				319BB01319F1544300F83A49 /* UIKit.framework */,
				319BB02819F1544300F83A49 /* XCTest.framework */,
			);
			name = Frameworks;
			sourceTree = "<group>";
		};
		319BB01519F1544300F83A49 /* UICollectionViewDemo */ = {
			isa = PBXGroup;
			children = (
				319BB01E19F1544300F83A49 /* AppDelegate.h */,
				319BB01F19F1544300F83A49 /* AppDelegate.m */,
				319BB02119F1544300F83A49 /* Images.xcassets */,
				319BB01619F1544300F83A49 /* Supporting Files */,
				319BB03E19F1547C00F83A49 /* MyCollectionViewCell.h */,
				319BB03F19F1547C00F83A49 /* MyCollectionViewCell.m */,
				319BB04119F154F500F83A49 /* MainViewController.h */,
				319BB04219F154F500F83A49 /* MainViewController.m */,
				319BB04419F1564300F83A49 /* MyCollectionViewLayout.h */,
				319BB04519F1564300F83A49 /* MyCollectionViewLayout.m */,
			);
			path = UICollectionViewDemo;
			sourceTree = "<group>";
		};
		319BB01619F1544300F83A49 /* Supporting Files */ = {
			isa = PBXGroup;
			children = (
				319BB01719F1544300F83A49 /* UICollectionViewDemo-Info.plist */,
				319BB01819F1544300F83A49 /* InfoPlist.strings */,
				319BB01B19F1544300F83A49 /* main.m */,
				319BB01D19F1544300F83A49 /* UICollectionViewDemo-Prefix.pch */,
			);
			name = "Supporting Files";
			sourceTree = "<group>";
		};
		319BB02E19F1544300F83A49 /* UICollectionViewDemoTests */ = {
			isa = PBXGroup;
			children = (
				319BB03419F1544300F83A49 /* UICollectionViewDemoTests.m */,
				319BB02F19F1544300F83A49 /* Supporting Files */,
			);
			path = UICollectionViewDemoTests;
			sourceTree = "<group>";
		};
		319BB02F19F1544300F83A49 /* Supporting Files */ = {
			isa = PBXGroup;
			children = (
				319BB03019F1544300F83A49 /* UICollectionViewDemoTests-Info.plist */,
				319BB03119F1544300F83A49 /* InfoPlist.strings */,
			);
			name = "Supporting Files";
			sourceTree = "<group>";
		};
/* End PBXGroup section */

/* Begin PBXNativeTarget section */
		319BB00B19F1544300F83A49 /* UICollectionViewDemo */ = {
			isa = PBXNativeTarget;
			buildConfigurationList = 319BB03819F1544300F83A49 /* Build configuration list for PBXNativeTarget "UICollectionViewDemo" */;
			buildPhases = (
				319BB00819F1544300F83A49 /* Sources */,
				319BB00919F1544300F83A49 /* Frameworks */,
				319BB00A19F1544300F83A49 /* Resources */,
			);
			buildRules = (
			);
			dependencies = (
			);
			name = UICollectionViewDemo;
			productName = UICollectionViewDemo;
			productReference = 319BB00C19F1544300F83A49 /* UICollectionViewDemo.app */;
			productType = "com.apple.product-type.application";
		};
		319BB02619F1544300F83A49 /* UICollectionViewDemoTests */ = {
			isa = PBXNativeTarget;
			buildConfigurationList = 319BB03B19F1544300F83A49 /* Build configuration list for PBXNativeTarget "UICollectionViewDemoTests" */;
			buildPhases = (
				319BB02319F1544300F83A49 /* Sources */,
				319BB02419F1544300F83A49 /* Frameworks */,
				319BB02519F1544300F83A49 /* Resources */,
			);
			buildRules = (
			);
			dependencies = (
				319BB02D19F1544300F83A49 /* PBXTargetDependency */,
			);
			name = UICollectionViewDemoTests;
			productName = UICollectionViewDemoTests;
			productReference = 319BB02719F1544300F83A49 /* UICollectionViewDemoTests.xctest */;
			productType = "com.apple.product-type.bundle.unit-test";
		};
/* End PBXNativeTarget section */

/* Begin PBXProject section */
		319BB00419F1544300F83A49 /* Project object */ = {
			isa = PBXProject;
			attributes = {
				LastUpgradeCheck = 0510;
				ORGANIZATIONNAME = Visitor;
				TargetAttributes = {
					319BB02619F1544300F83A49 = {
						TestTargetID = 319BB00B19F1544300F83A49;
					};
				};
			};
			buildConfigurationList = 319BB00719F1544300F83A49 /* Build configuration list for PBXProject "UICollectionViewDemo" */;
			compatibilityVersion = "Xcode 3.2";
			developmentRegion = English;
			hasScannedForEncodings = 0;
			knownRegions = (
				en,
			);
			mainGroup = 319BB00319F1544300F83A49;
			productRefGroup = 319BB00D19F1544300F83A49 /* Products */;
			projectDirPath = "";
			projectRoot = "";
			targets = (
				319BB00B19F1544300F83A49 /* UICollectionViewDemo */,
				319BB02619F1544300F83A49 /* UICollectionViewDemoTests */,
			);
		};
/* End PBXProject section */

/* Begin PBXResourcesBuildPhase section */
		319BB00A19F1544300F83A49 /* Resources */ = {
			isa = PBXResourcesBuildPhase;
			buildActionMask = 2147483647;
			files = (
				319BB01A19F1544300F83A49 /* InfoPlist.strings in Resources */,
				319BB02219F1544300F83A49 /* Images.xcassets in Resources */,
			);
			runOnlyForDeploymentPostprocessing = 0;
		};
		319BB02519F1544300F83A49 /* Resources */ = {
			isa = PBXResourcesBuildPhase;
			buildActionMask = 2147483647;
			files = (
				319BB03319F1544300F83A49 /* InfoPlist.strings in Resources */,
			);
			runOnlyForDeploymentPostprocessing = 0;
		};
/* End PBXResourcesBuildPhase section */

/* Begin PBXSourcesBuildPhase section */
		319BB00819F1544300F83A49 /* Sources */ = {
			isa = PBXSourcesBuildPhase;
			buildActionMask = 2147483647;
			files = (
				319BB02019F1544300F83A49 /* AppDelegate.m in Sources */,
				319BB01C19F1544300F83A49 /* main.m in Sources */,
				319BB04619F1564300F83A49 /* MyCollectionViewLayout.m in Sources */,
				319BB04019F1547C00F83A49 /* MyCollectionViewCell.m in Sources */,
				319BB04319F154F500F83A49 /* MainViewController.m in Sources */,
			);
			runOnlyForDeploymentPostprocessing = 0;
		};
		319BB02319F1544300F83A49 /* Sources */ = {
			isa = PBXSourcesBuildPhase;
			buildActionMask = 2147483647;
			files = (
				319BB03519F1544300F83A49 /* UICollectionViewDemoTests.m in Sources */,
			);
			runOnlyForDeploymentPostprocessing = 0;
		};
/* End PBXSourcesBuildPhase section */

/* Begin PBXTargetDependency section */
		319BB02D19F1544300F83A49 /* PBXTargetDependency */ = {
			isa = PBXTargetDependency;
			target = 319BB00B19F1544300F83A49 /* UICollectionViewDemo */;
			targetProxy = 319BB02C19F1544300F83A49 /* PBXContainerItemProxy */;
		};
/* End PBXTargetDependency section */

/* Begin PBXVariantGroup section */
		319BB01819F1544300F83A49 /* InfoPlist.strings */ = {
			isa = PBXVariantGroup;
			children = (
				319BB01919F1544300F83A49 /* en */,
			);
			name = InfoPlist.strings;
			sourceTree = "<group>";
		};
		319BB03119F1544300F83A49 /* InfoPlist.strings */ = {
			isa = PBXVariantGroup;
			children = (
				319BB03219F1544300F83A49 /* en */,
			);
			name = InfoPlist.strings;
			sourceTree = "<group>";
		};
/* End PBXVariantGroup section */

/* Begin XCBuildConfiguration section */
		319BB03619F1544300F83A49 /* Debug */ = {
			isa = XCBuildConfiguration;
			buildSettings = {
				ALWAYS_SEARCH_USER_PATHS = NO;
				CLANG_CXX_LANGUAGE_STANDARD = "gnu++0x";
				CLANG_CXX_LIBRARY = "libc++";
				CLANG_ENABLE_MODULES = YES;
				CLANG_ENABLE_OBJC_ARC = YES;
				CLANG_WARN_BOOL_CONVERSION = YES;
				CLANG_WARN_CONSTANT_CONVERSION = YES;
				CLANG_WARN_DIRECT_OBJC_ISA_USAGE = YES_ERROR;
				CLANG_WARN_EMPTY_BODY = YES;
				CLANG_WARN_ENUM_CONVERSION = YES;
				CLANG_WARN_INT_CONVERSION = YES;
				CLANG_WARN_OBJC_ROOT_CLASS = YES_ERROR;
				CLANG_WARN__DUPLICATE_METHOD_MATCH = YES;
				"CODE_SIGN_IDENTITY[sdk=iphoneos*]" = "iPhone Developer";
				COPY_PHASE_STRIP = NO;
				GCC_C_LANGUAGE_STANDARD = gnu99;
				GCC_DYNAMIC_NO_PIC = NO;
				GCC_OPTIMIZATION_LEVEL = 0;
				GCC_PREPROCESSOR_DEFINITIONS = (
					"DEBUG=1",
					"$(inherited)",
				);
				GCC_SYMBOLS_PRIVATE_EXTERN = NO;
				GCC_WARN_64_TO_32_BIT_CONVERSION = YES;
				GCC_WARN_ABOUT_RETURN_TYPE = YES_ERROR;
				GCC_WARN_UNDECLARED_SELECTOR = YES;
				GCC_WARN_UNINITIALIZED_AUTOS = YES_AGGRESSIVE;
				GCC_WARN_UNUSED_FUNCTION = YES;
				GCC_WARN_UNUSED_VARIABLE = YES;
				IPHONEOS_DEPLOYMENT_TARGET = 7.1;
				ONLY_ACTIVE_ARCH = YES;
				SDKROOT = iphoneos;
			};
			name = Debug;
		};
		319BB03719F1544300F83A49 /* Release */ = {
			isa = XCBuildConfiguration;
			buildSettings = {
				ALWAYS_SEARCH_USER_PATHS = NO;
				CLANG_CXX_LANGUAGE_STANDARD = "gnu++0x";
				CLANG_CXX_LIBRARY = "libc++";
				CLANG_ENABLE_MODULES = YES;
				CLANG_ENABLE_OBJC_ARC = YES;
				CLANG_WARN_BOOL_CONVERSION = YES;
				CLANG_WARN_CONSTANT_CONVERSION = YES;
				CLANG_WARN_DIRECT_OBJC_ISA_USAGE = YES_ERROR;
				CLANG_WARN_EMPTY_BODY = YES;
				CLANG_WARN_ENUM_CONVERSION = YES;
				CLANG_WARN_INT_CONVERSION = YES;
				CLANG_WARN_OBJC_ROOT_CLASS = YES_ERROR;
				CLANG_WARN__DUPLICATE_METHOD_MATCH = YES;
				"CODE_SIGN_IDENTITY[sdk=iphoneos*]" = "iPhone Developer";
				COPY_PHASE_STRIP = YES;
				ENABLE_NS_ASSERTIONS = NO;
				GCC_C_LANGUAGE_STANDARD = gnu99;
				GCC_WARN_64_TO_32_BIT_CONVERSION = YES;
				GCC_WARN_ABOUT_RETURN_TYPE = YES_ERROR;
				GCC_WARN_UNDECLARED_SELECTOR = YES;
				GCC_WARN_UNINITIALIZED_AUTOS = YES_AGGRESSIVE;
				GCC_WARN_UNUSED_FUNCTION = YES;
				GCC_WARN_UNUSED_VARIABLE = YES;
				IPHONEOS_DEPLOYMENT_TARGET = 7.1;
				SDKROOT = iphoneos;
				VALIDATE_PRODUCT = YES;
			};
			name = Release;
		};
		319BB03919F1544300F83A49 /* Debug */ = {
			isa = XCBuildConfiguration;
			buildSettings = {
				ASSETCATALOG_COMPILER_APPICON_NAME = AppIcon;
				ASSETCATALOG_COMPILER_LAUNCHIMAGE_NAME = LaunchImage;
				GCC_PRECOMPILE_PREFIX_HEADER = YES;
				GCC_PREFIX_HEADER = "UICollectionViewDemo/UICollectionViewDemo-Prefix.pch";
				INFOPLIST_FILE = "UICollectionViewDemo/UICollectionViewDemo-Info.plist";
				PRODUCT_NAME = "$(TARGET_NAME)";
				WRAPPER_EXTENSION = app;
			};
			name = Debug;
		};
		319BB03A19F1544300F83A49 /* Release */ = {
			isa = XCBuildConfiguration;
			buildSettings = {
				ASSETCATALOG_COMPILER_APPICON_NAME = AppIcon;
				ASSETCATALOG_COMPILER_LAUNCHIMAGE_NAME = LaunchImage;
				GCC_PRECOMPILE_PREFIX_HEADER = YES;
				GCC_PREFIX_HEADER = "UICollectionViewDemo/UICollectionViewDemo-Prefix.pch";
				INFOPLIST_FILE = "UICollectionViewDemo/UICollectionViewDemo-Info.plist";
				PRODUCT_NAME = "$(TARGET_NAME)";
				WRAPPER_EXTENSION = app;
			};
			name = Release;
		};
		319BB03C19F1544300F83A49 /* Debug */ = {
			isa = XCBuildConfiguration;
			buildSettings = {
				BUNDLE_LOADER = "$(BUILT_PRODUCTS_DIR)/UICollectionViewDemo.app/UICollectionViewDemo";
				FRAMEWORK_SEARCH_PATHS = (
					"$(SDKROOT)/Developer/Library/Frameworks",
					"$(inherited)",
					"$(DEVELOPER_FRAMEWORKS_DIR)",
				);
				GCC_PRECOMPILE_PREFIX_HEADER = YES;
				GCC_PREFIX_HEADER = "UICollectionViewDemo/UICollectionViewDemo-Prefix.pch";
				GCC_PREPROCESSOR_DEFINITIONS = (
					"DEBUG=1",
					"$(inherited)",
				);
				INFOPLIST_FILE = "UICollectionViewDemoTests/UICollectionViewDemoTests-Info.plist";
				PRODUCT_NAME = "$(TARGET_NAME)";
				TEST_HOST = "$(BUNDLE_LOADER)";
				WRAPPER_EXTENSION = xctest;
			};
			name = Debug;
		};
		319BB03D19F1544300F83A49 /* Release */ = {
			isa = XCBuildConfiguration;
			buildSettings = {
				BUNDLE_LOADER = "$(BUILT_PRODUCTS_DIR)/UICollectionViewDemo.app/UICollectionViewDemo";
				FRAMEWORK_SEARCH_PATHS = (
					"$(SDKROOT)/Developer/Library/Frameworks",
					"$(inherited)",
					"$(DEVELOPER_FRAMEWORKS_DIR)",
				);
				GCC_PRECOMPILE_PREFIX_HEADER = YES;
				GCC_PREFIX_HEADER = "UICollectionViewDemo/UICollectionViewDemo-Prefix.pch";
				INFOPLIST_FILE = "UICollectionViewDemoTests/UICollectionViewDemoTests-Info.plist";
				PRODUCT_NAME = "$(TARGET_NAME)";
				TEST_HOST = "$(BUNDLE_LOADER)";
				WRAPPER_EXTENSION = xctest;
			};
			name = Release;
		};
/* End XCBuildConfiguration section */

/* Begin XCConfigurationList section */
		319BB00719F1544300F83A49 /* Build configuration list for PBXProject "UICollectionViewDemo" */ = {
			isa = XCConfigurationList;
			buildConfigurations = (
				319BB03619F1544300F83A49 /* Debug */,
				319BB03719F1544300F83A49 /* Release */,
			);
			defaultConfigurationIsVisible = 0;
			defaultConfigurationName = Release;
		};
		319BB03819F1544300F83A49 /* Build configuration list for PBXNativeTarget "UICollectionViewDemo" */ = {
			isa = XCConfigurationList;
			buildConfigurations = (
				319BB03919F1544300F83A49 /* Debug */,
				319BB03A19F1544300F83A49 /* Release */,
			);
			defaultConfigurationIsVisible = 0;
			defaultConfigurationName = Release;
		};
		319BB03B19F1544300F83A49 /* Build configuration list for PBXNativeTarget "UICollectionViewDemoTests" */ = {
			isa = XCConfigurationList;
			buildConfigurations = (
				319BB03C19F1544300F83A49 /* Debug */,
				319BB03D19F1544300F83A49 /* Release */,
			);
			defaultConfigurationIsVisible = 0;
			defaultConfigurationName = Release;
		};
/* End XCConfigurationList section */
	};
	rootObject = 319BB00419F1544300F83A49 /* Project object */;
}
